# This file is automatically @generated by Cargo.
# It is not intended for manual editing.
[[package]]
name = "bcrypt-only"
version = "0.3.1"
source = "registry+https://github.com/rust-lang/crates.io-index"

[[package]]
name = "bcrypt-small"
version = "0.1.1"
dependencies = [
 "bcrypt-only 0.3.1 (registry+https://github.com/rust-lang/crates.io-index)",
 "getrandom 0.1.10 (registry+https://github.com/rust-lang/crates.io-index)",
]

[[package]]
name = "cfg-if"
version = "0.1.9"
source = "registry+https://github.com/rust-lang/crates.io-index"

[[package]]
name = "getrandom"
version = "0.1.10"
source = "registry+https://github.com/rust-lang/crates.io-index"
dependencies = [
 "cfg-if 0.1.9 (registry+https://github.com/rust-lang/crates.io-index)",
 "libc 0.2.62 (registry+https://github.com/rust-lang/crates.io-index)",
 "wasi 0.5.0 (registry+https://github.com/rust-lang/crates.io-index)",
]

[[package]]
name = "libc"
version = "0.2.62"
source = "registry+https://github.com/rust-lang/crates.io-index"

[[package]]
name = "wasi"
version = "0.5.0"
source = "registry+https://github.com/rust-lang/crates.io-index"

[metadata]
"checksum bcrypt-only 0.3.1 (registry+https://github.com/rust-lang/crates.io-index)" = "1d494613a1a526caf8b359040cc6a255e7ffb8aa1149a91968a6adcd58b5a8de"
"checksum cfg-if 0.1.9 (registry+https://github.com/rust-lang/crates.io-index)" = "b486ce3ccf7ffd79fdeb678eac06a9e6c09fc88d33836340becb8fffe87c5e33"
"checksum getrandom 0.1.10 (registry+https://github.com/rust-lang/crates.io-index)" = "6171a6cc63fbabbe27c2b5ee268e8b7fe5dc1eb0dd2dfad537c1dfed6f69117e"
"checksum libc 0.2.62 (registry+https://github.com/rust-lang/crates.io-index)" = "34fcd2c08d2f832f376f4173a231990fa5aef4e99fb569867318a227ef4c06ba"
"checksum wasi 0.5.0 (registry+https://github.com/rust-lang/crates.io-index)" = "fd5442abcac6525a045cc8c795aedb60da7a2e5e89c7bf18a0d5357849bb23c7"
